
Microsoft Visual Studio Solution File, Format Version 12.00
# Visual Studio 2012
Project("{FAE04EC0-301F-11D3-BF4B-00C04F79EFBC}") = "1_variant", "1_variant\1_variant.csproj", "{C97E76D2-2480-4D58-8B0E-520BED7AAFEA}"
EndProject
Global
	GlobalSection(SolutionConfigurationPlatforms) = preSolution
		Debug|Any CPU = Debug|Any CPU
		Release|Any CPU = Release|Any CPU
	EndGlobalSection
	GlobalSection(ProjectConfigurationPlatforms) = postSolution
		{C97E76D2-2480-4D58-8B0E-520BED7AAFEA}.Debug|Any CPU.ActiveCfg = Debug|Any CPU
		{C97E76D2-2480-4D58-8B0E-520BED7AAFEA}.Debug|Any CPU.Build.0 = Debug|Any CPU
		{C97E76D2-2480-4D58-8B0E-520BED7AAFEA}.Release|Any CPU.ActiveCfg = Release|Any CPU
		{C97E76D2-2480-4D58-8B0E-520BED7AAFEA}.Release|Any CPU.Build.0 = Release|Any CPU
	EndGlobalSection
	GlobalSection(SolutionProperties) = preSolution
		HideSolutionNode = FALSE
	EndGlobalSection
EndGlobal
