
Microsoft Visual Studio Solution File, Format Version 12.00
# Visual Studio 2012
Project("{FAE04EC0-301F-11D3-BF4B-00C04F79EFBC}") = "razvernutyi", "razvernutyi\razvernutyi.csproj", "{EDFB9B0A-C698-4CD9-AEFA-7C3C91EA6E15}"
EndProject
Global
	GlobalSection(SolutionConfigurationPlatforms) = preSolution
		Debug|Any CPU = Debug|Any CPU
		Release|Any CPU = Release|Any CPU
	EndGlobalSection
	GlobalSection(ProjectConfigurationPlatforms) = postSolution
		{EDFB9B0A-C698-4CD9-AEFA-7C3C91EA6E15}.Debug|Any CPU.ActiveCfg = Debug|Any CPU
		{EDFB9B0A-C698-4CD9-AEFA-7C3C91EA6E15}.Debug|Any CPU.Build.0 = Debug|Any CPU
		{EDFB9B0A-C698-4CD9-AEFA-7C3C91EA6E15}.Release|Any CPU.ActiveCfg = Release|Any CPU
		{EDFB9B0A-C698-4CD9-AEFA-7C3C91EA6E15}.Release|Any CPU.Build.0 = Release|Any CPU
	EndGlobalSection
	GlobalSection(SolutionProperties) = preSolution
		HideSolutionNode = FALSE
	EndGlobalSection
EndGlobal
